
Microsoft Visual Studio Solution File, Format Version 12.00
# Visual Studio 15
VisualStudioVersion = 15.0.27004.2009
MinimumVisualStudioVersion = 10.0.40219.1
Project("{FAE04EC0-301F-11D3-BF4B-00C04F79EFBC}") = "TryToLearnXamarinFormApp.Android", "TryToLearnXamarinFormApp\TryToLearnXamarinFormApp.Android\TryToLearnXamarinFormApp.Android.csproj", "{DE33C8D8-284C-48EC-88CA-8A70B5E33BEB}"
EndProject
Project("{FAE04EC0-301F-11D3-BF4B-00C04F79EFBC}") = "TryToLearnXamarinFormApp", "TryToLearnXamarinFormApp\TryToLearnXamarinFormApp\TryToLearnXamarinFormApp.csproj", "{CE1EF7D6-42BC-4149-B2BD-535696ED0A19}"
EndProject
Project("{FAE04EC0-301F-11D3-BF4B-00C04F79EFBC}") = "TryToLearnXamarinFormApp.UWP", "TryToLearnXamarinFormApp\TryToLearnXamarinFormApp.UWP\TryToLearnXamarinFormApp.UWP.csproj", "{F0145942-025F-4EE9-B8C0-D44668805560}"
EndProject
Project("{FAE04EC0-301F-11D3-BF4B-00C04F79EFBC}") = "TryToLearnXamarinFormApp.iOS", "TryToLearnXamarinFormApp\TryToLearnXamarinFormApp.iOS\TryToLearnXamarinFormApp.iOS.csproj", "{777541E1-B98F-4E1F-870B-65EA91DF4D31}"
EndProject
Global
	GlobalSection(SolutionConfigurationPlatforms) = preSolution
		Ad-Hoc|Any CPU = Ad-Hoc|Any CPU
		Ad-Hoc|ARM = Ad-Hoc|ARM
		Ad-Hoc|iPhone = Ad-Hoc|iPhone
		Ad-Hoc|iPhoneSimulator = Ad-Hoc|iPhoneSimulator
		Ad-Hoc|x64 = Ad-Hoc|x64
		Ad-Hoc|x86 = Ad-Hoc|x86
		AppStore|Any CPU = AppStore|Any CPU
		AppStore|ARM = AppStore|ARM
		AppStore|iPhone = AppStore|iPhone
		AppStore|iPhoneSimulator = AppStore|iPhoneSimulator
		AppStore|x64 = AppStore|x64
		AppStore|x86 = AppStore|x86
		Debug|Any CPU = Debug|Any CPU
		Debug|ARM = Debug|ARM
		Debug|iPhone = Debug|iPhone
		Debug|iPhoneSimulator = Debug|iPhoneSimulator
		Debug|x64 = Debug|x64
		Debug|x86 = Debug|x86
		Release|Any CPU = Release|Any CPU
		Release|ARM = Release|ARM
		Release|iPhone = Release|iPhone
		Release|iPhoneSimulator = Release|iPhoneSimulator
		Release|x64 = Release|x64
		Release|x86 = Release|x86
	EndGlobalSection
	GlobalSection(ProjectConfigurationPlatforms) = postSolution
		{DE33C8D8-284C-48EC-88CA-8A70B5E33BEB}.Ad-Hoc|Any CPU.ActiveCfg = Release|Any CPU
		{DE33C8D8-284C-48EC-88CA-8A70B5E33BEB}.Ad-Hoc|Any CPU.Build.0 = Release|Any CPU
		{DE33C8D8-284C-48EC-88CA-8A70B5E33BEB}.Ad-Hoc|Any CPU.Deploy.0 = Release|Any CPU
		{DE33C8D8-284C-48EC-88CA-8A70B5E33BEB}.Ad-Hoc|ARM.ActiveCfg = Release|Any CPU
		{DE33C8D8-284C-48EC-88CA-8A70B5E33BEB}.Ad-Hoc|ARM.Build.0 = Release|Any CPU
		{DE33C8D8-284C-48EC-88CA-8A70B5E33BEB}.Ad-Hoc|ARM.Deploy.0 = Release|Any CPU
		{DE33C8D8-284C-48EC-88CA-8A70B5E33BEB}.Ad-Hoc|iPhone.ActiveCfg = Release|Any CPU
		{DE33C8D8-284C-48EC-88CA-8A70B5E33BEB}.Ad-Hoc|iPhone.Build.0 = Release|Any CPU
		{DE33C8D8-284C-48EC-88CA-8A70B5E33BEB}.Ad-Hoc|iPhone.Deploy.0 = Release|Any CPU
		{DE33C8D8-284C-48EC-88CA-8A70B5E33BEB}.Ad-Hoc|iPhoneSimulator.ActiveCfg = Release|Any CPU
		{DE33C8D8-284C-48EC-88CA-8A70B5E33BEB}.Ad-Hoc|iPhoneSimulator.Build.0 = Release|Any CPU
		{DE33C8D8-284C-48EC-88CA-8A70B5E33BEB}.Ad-Hoc|iPhoneSimulator.Deploy.0 = Release|Any CPU
		{DE33C8D8-284C-48EC-88CA-8A70B5E33BEB}.Ad-Hoc|x64.ActiveCfg = Release|Any CPU
		{DE33C8D8-284C-48EC-88CA-8A70B5E33BEB}.Ad-Hoc|x64.Build.0 = Release|Any CPU
		{DE33C8D8-284C-48EC-88CA-8A70B5E33BEB}.Ad-Hoc|x64.Deploy.0 = Release|Any CPU
		{DE33C8D8-284C-48EC-88CA-8A70B5E33BEB}.Ad-Hoc|x86.ActiveCfg = Release|Any CPU
		{DE33C8D8-284C-48EC-88CA-8A70B5E33BEB}.Ad-Hoc|x86.Build.0 = Release|Any CPU
		{DE33C8D8-284C-48EC-88CA-8A70B5E33BEB}.Ad-Hoc|x86.Deploy.0 = Release|Any CPU
		{DE33C8D8-284C-48EC-88CA-8A70B5E33BEB}.AppStore|Any CPU.ActiveCfg = Release|Any CPU
		{DE33C8D8-284C-48EC-88CA-8A70B5E33BEB}.AppStore|Any CPU.Build.0 = Release|Any CPU
		{DE33C8D8-284C-48EC-88CA-8A70B5E33BEB}.AppStore|Any CPU.Deploy.0 = Release|Any CPU
		{DE33C8D8-284C-48EC-88CA-8A70B5E33BEB}.AppStore|ARM.ActiveCfg = Release|Any CPU
		{DE33C8D8-284C-48EC-88CA-8A70B5E33BEB}.AppStore|ARM.Build.0 = Release|Any CPU
		{DE33C8D8-284C-48EC-88CA-8A70B5E33BEB}.AppStore|ARM.Deploy.0 = Release|Any CPU
		{DE33C8D8-284C-48EC-88CA-8A70B5E33BEB}.AppStore|iPhone.ActiveCfg = Release|Any CPU
		{DE33C8D8-284C-48EC-88CA-8A70B5E33BEB}.AppStore|iPhone.Build.0 = Release|Any CPU
		{DE33C8D8-284C-48EC-88CA-8A70B5E33BEB}.AppStore|iPhone.Deploy.0 = Release|Any CPU
		{DE33C8D8-284C-48EC-88CA-8A70B5E33BEB}.AppStore|iPhoneSimulator.ActiveCfg = Release|Any CPU
		{DE33C8D8-284C-48EC-88CA-8A70B5E33BEB}.AppStore|iPhoneSimulator.Build.0 = Release|Any CPU
		{DE33C8D8-284C-48EC-88CA-8A70B5E33BEB}.AppStore|iPhoneSimulator.Deploy.0 = Release|Any CPU
		{DE33C8D8-284C-48EC-88CA-8A70B5E33BEB}.AppStore|x64.ActiveCfg = Release|Any CPU
		{DE33C8D8-284C-48EC-88CA-8A70B5E33BEB}.AppStore|x64.Build.0 = Release|Any CPU
		{DE33C8D8-284C-48EC-88CA-8A70B5E33BEB}.AppStore|x64.Deploy.0 = Release|Any CPU
		{DE33C8D8-284C-48EC-88CA-8A70B5E33BEB}.AppStore|x86.ActiveCfg = Release|Any CPU
		{DE33C8D8-284C-48EC-88CA-8A70B5E33BEB}.AppStore|x86.Build.0 = Release|Any CPU
		{DE33C8D8-284C-48EC-88CA-8A70B5E33BEB}.AppStore|x86.Deploy.0 = Release|Any CPU
		{DE33C8D8-284C-48EC-88CA-8A70B5E33BEB}.Debug|Any CPU.ActiveCfg = Debug|Any CPU
		{DE33C8D8-284C-48EC-88CA-8A70B5E33BEB}.Debug|Any CPU.Build.0 = Debug|Any CPU
		{DE33C8D8-284C-48EC-88CA-8A70B5E33BEB}.Debug|Any CPU.Deploy.0 = Debug|Any CPU
		{DE33C8D8-284C-48EC-88CA-8A70B5E33BEB}.Debug|ARM.ActiveCfg = Debug|Any CPU
		{DE33C8D8-284C-48EC-88CA-8A70B5E33BEB}.Debug|ARM.Build.0 = Debug|Any CPU
		{DE33C8D8-284C-48EC-88CA-8A70B5E33BEB}.Debug|ARM.Deploy.0 = Debug|Any CPU
		{DE33C8D8-284C-48EC-88CA-8A70B5E33BEB}.Debug|iPhone.ActiveCfg = Debug|Any CPU
		{DE33C8D8-284C-48EC-88CA-8A70B5E33BEB}.Debug|iPhone.Build.0 = Debug|Any CPU
		{DE33C8D8-284C-48EC-88CA-8A70B5E33BEB}.Debug|iPhone.Deploy.0 = Debug|Any CPU
		{DE33C8D8-284C-48EC-88CA-8A70B5E33BEB}.Debug|iPhoneSimulator.ActiveCfg = Debug|Any CPU
		{DE33C8D8-284C-48EC-88CA-8A70B5E33BEB}.Debug|iPhoneSimulator.Build.0 = Debug|Any CPU
		{DE33C8D8-284C-48EC-88CA-8A70B5E33BEB}.Debug|iPhoneSimulator.Deploy.0 = Debug|Any CPU
		{DE33C8D8-284C-48EC-88CA-8A70B5E33BEB}.Debug|x64.ActiveCfg = Debug|Any CPU
		{DE33C8D8-284C-48EC-88CA-8A70B5E33BEB}.Debug|x64.Build.0 = Debug|Any CPU
		{DE33C8D8-284C-48EC-88CA-8A70B5E33BEB}.Debug|x64.Deploy.0 = Debug|Any CPU
		{DE33C8D8-284C-48EC-88CA-8A70B5E33BEB}.Debug|x86.ActiveCfg = Debug|Any CPU
		{DE33C8D8-284C-48EC-88CA-8A70B5E33BEB}.Debug|x86.Build.0 = Debug|Any CPU
		{DE33C8D8-284C-48EC-88CA-8A70B5E33BEB}.Debug|x86.Deploy.0 = Debug|Any CPU
		{DE33C8D8-284C-48EC-88CA-8A70B5E33BEB}.Release|Any CPU.ActiveCfg = Release|Any CPU
		{DE33C8D8-284C-48EC-88CA-8A70B5E33BEB}.Release|Any CPU.Build.0 = Release|Any CPU
		{DE33C8D8-284C-48EC-88CA-8A70B5E33BEB}.Release|Any CPU.Deploy.0 = Release|Any CPU
		{DE33C8D8-284C-48EC-88CA-8A70B5E33BEB}.Release|ARM.ActiveCfg = Release|Any CPU
		{DE33C8D8-284C-48EC-88CA-8A70B5E33BEB}.Release|ARM.Build.0 = Release|Any CPU
		{DE33C8D8-284C-48EC-88CA-8A70B5E33BEB}.Release|ARM.Deploy.0 = Release|Any CPU
		{DE33C8D8-284C-48EC-88CA-8A70B5E33BEB}.Release|iPhone.ActiveCfg = Release|Any CPU
		{DE33C8D8-284C-48EC-88CA-8A70B5E33BEB}.Release|iPhone.Build.0 = Release|Any CPU
		{DE33C8D8-284C-48EC-88CA-8A70B5E33BEB}.Release|iPhone.Deploy.0 = Release|Any CPU
		{DE33C8D8-284C-48EC-88CA-8A70B5E33BEB}.Release|iPhoneSimulator.ActiveCfg = Release|Any CPU
		{DE33C8D8-284C-48EC-88CA-8A70B5E33BEB}.Release|iPhoneSimulator.Build.0 = Release|Any CPU
		{DE33C8D8-284C-48EC-88CA-8A70B5E33BEB}.Release|iPhoneSimulator.Deploy.0 = Release|Any CPU
		{DE33C8D8-284C-48EC-88CA-8A70B5E33BEB}.Release|x64.ActiveCfg = Release|Any CPU
		{DE33C8D8-284C-48EC-88CA-8A70B5E33BEB}.Release|x64.Build.0 = Release|Any CPU
		{DE33C8D8-284C-48EC-88CA-8A70B5E33BEB}.Release|x64.Deploy.0 = Release|Any CPU
		{DE33C8D8-284C-48EC-88CA-8A70B5E33BEB}.Release|x86.ActiveCfg = Release|Any CPU
		{DE33C8D8-284C-48EC-88CA-8A70B5E33BEB}.Release|x86.Build.0 = Release|Any CPU
		{DE33C8D8-284C-48EC-88CA-8A70B5E33BEB}.Release|x86.Deploy.0 = Release|Any CPU
		{CE1EF7D6-42BC-4149-B2BD-535696ED0A19}.Ad-Hoc|Any CPU.ActiveCfg = Release|Any CPU
		{CE1EF7D6-42BC-4149-B2BD-535696ED0A19}.Ad-Hoc|Any CPU.Build.0 = Release|Any CPU
		{CE1EF7D6-42BC-4149-B2BD-535696ED0A19}.Ad-Hoc|ARM.ActiveCfg = Release|Any CPU
		{CE1EF7D6-42BC-4149-B2BD-535696ED0A19}.Ad-Hoc|ARM.Build.0 = Release|Any CPU
		{CE1EF7D6-42BC-4149-B2BD-535696ED0A19}.Ad-Hoc|iPhone.ActiveCfg = Release|Any CPU
		{CE1EF7D6-42BC-4149-B2BD-535696ED0A19}.Ad-Hoc|iPhone.Build.0 = Release|Any CPU
		{CE1EF7D6-42BC-4149-B2BD-535696ED0A19}.Ad-Hoc|iPhoneSimulator.ActiveCfg = Release|Any CPU
		{CE1EF7D6-42BC-4149-B2BD-535696ED0A19}.Ad-Hoc|iPhoneSimulator.Build.0 = Release|Any CPU
		{CE1EF7D6-42BC-4149-B2BD-535696ED0A19}.Ad-Hoc|x64.ActiveCfg = Release|Any CPU
		{CE1EF7D6-42BC-4149-B2BD-535696ED0A19}.Ad-Hoc|x64.Build.0 = Release|Any CPU
		{CE1EF7D6-42BC-4149-B2BD-535696ED0A19}.Ad-Hoc|x86.ActiveCfg = Release|Any CPU
		{CE1EF7D6-42BC-4149-B2BD-535696ED0A19}.Ad-Hoc|x86.Build.0 = Release|Any CPU
		{CE1EF7D6-42BC-4149-B2BD-535696ED0A19}.AppStore|Any CPU.ActiveCfg = Release|Any CPU
		{CE1EF7D6-42BC-4149-B2BD-535696ED0A19}.AppStore|Any CPU.Build.0 = Release|Any CPU
		{CE1EF7D6-42BC-4149-B2BD-535696ED0A19}.AppStore|ARM.ActiveCfg = Release|Any CPU
		{CE1EF7D6-42BC-4149-B2BD-535696ED0A19}.AppStore|ARM.Build.0 = Release|Any CPU
		{CE1EF7D6-42BC-4149-B2BD-535696ED0A19}.AppStore|iPhone.ActiveCfg = Release|Any CPU
		{CE1EF7D6-42BC-4149-B2BD-535696ED0A19}.AppStore|iPhone.Build.0 = Release|Any CPU
		{CE1EF7D6-42BC-4149-B2BD-535696ED0A19}.AppStore|iPhoneSimulator.ActiveCfg = Release|Any CPU
		{CE1EF7D6-42BC-4149-B2BD-535696ED0A19}.AppStore|iPhoneSimulator.Build.0 = Release|Any CPU
		{CE1EF7D6-42BC-4149-B2BD-535696ED0A19}.AppStore|x64.ActiveCfg = Release|Any CPU
		{CE1EF7D6-42BC-4149-B2BD-535696ED0A19}.AppStore|x64.Build.0 = Release|Any CPU
		{CE1EF7D6-42BC-4149-B2BD-535696ED0A19}.AppStore|x86.ActiveCfg = Release|Any CPU
		{CE1EF7D6-42BC-4149-B2BD-535696ED0A19}.AppStore|x86.Build.0 = Release|Any CPU
		{CE1EF7D6-42BC-4149-B2BD-535696ED0A19}.Debug|Any CPU.ActiveCfg = Debug|Any CPU
		{CE1EF7D6-42BC-4149-B2BD-535696ED0A19}.Debug|Any CPU.Build.0 = Debug|Any CPU
		{CE1EF7D6-42BC-4149-B2BD-535696ED0A19}.Debug|ARM.ActiveCfg = Debug|Any CPU
		{CE1EF7D6-42BC-4149-B2BD-535696ED0A19}.Debug|ARM.Build.0 = Debug|Any CPU
		{CE1EF7D6-42BC-4149-B2BD-535696ED0A19}.Debug|iPhone.ActiveCfg = Debug|Any CPU
		{CE1EF7D6-42BC-4149-B2BD-535696ED0A19}.Debug|iPhone.Build.0 = Debug|Any CPU
		{CE1EF7D6-42BC-4149-B2BD-535696ED0A19}.Debug|iPhoneSimulator.ActiveCfg = Debug|Any CPU
		{CE1EF7D6-42BC-4149-B2BD-535696ED0A19}.Debug|iPhoneSimulator.Build.0 = Debug|Any CPU
		{CE1EF7D6-42BC-4149-B2BD-535696ED0A19}.Debug|x64.ActiveCfg = Debug|Any CPU
		{CE1EF7D6-42BC-4149-B2BD-535696ED0A19}.Debug|x64.Build.0 = Debug|Any CPU
		{CE1EF7D6-42BC-4149-B2BD-535696ED0A19}.Debug|x86.ActiveCfg = Debug|Any CPU
		{CE1EF7D6-42BC-4149-B2BD-535696ED0A19}.Debug|x86.Build.0 = Debug|Any CPU
		{CE1EF7D6-42BC-4149-B2BD-535696ED0A19}.Release|Any CPU.ActiveCfg = Release|Any CPU
		{CE1EF7D6-42BC-4149-B2BD-535696ED0A19}.Release|Any CPU.Build.0 = Release|Any CPU
		{CE1EF7D6-42BC-4149-B2BD-535696ED0A19}.Release|ARM.ActiveCfg = Release|Any CPU
		{CE1EF7D6-42BC-4149-B2BD-535696ED0A19}.Release|ARM.Build.0 = Release|Any CPU
		{CE1EF7D6-42BC-4149-B2BD-535696ED0A19}.Release|iPhone.ActiveCfg = Release|Any CPU
		{CE1EF7D6-42BC-4149-B2BD-535696ED0A19}.Release|iPhone.Build.0 = Release|Any CPU
		{CE1EF7D6-42BC-4149-B2BD-535696ED0A19}.Release|iPhoneSimulator.ActiveCfg = Release|Any CPU
		{CE1EF7D6-42BC-4149-B2BD-535696ED0A19}.Release|iPhoneSimulator.Build.0 = Release|Any CPU
		{CE1EF7D6-42BC-4149-B2BD-535696ED0A19}.Release|x64.ActiveCfg = Release|Any CPU
		{CE1EF7D6-42BC-4149-B2BD-535696ED0A19}.Release|x64.Build.0 = Release|Any CPU
		{CE1EF7D6-42BC-4149-B2BD-535696ED0A19}.Release|x86.ActiveCfg = Release|Any CPU
		{CE1EF7D6-42BC-4149-B2BD-535696ED0A19}.Release|x86.Build.0 = Release|Any CPU
		{F0145942-025F-4EE9-B8C0-D44668805560}.Ad-Hoc|Any CPU.ActiveCfg = Release|x86
		{F0145942-025F-4EE9-B8C0-D44668805560}.Ad-Hoc|Any CPU.Build.0 = Release|x86
		{F0145942-025F-4EE9-B8C0-D44668805560}.Ad-Hoc|Any CPU.Deploy.0 = Release|x86
		{F0145942-025F-4EE9-B8C0-D44668805560}.Ad-Hoc|ARM.ActiveCfg = Release|ARM
		{F0145942-025F-4EE9-B8C0-D44668805560}.Ad-Hoc|ARM.Build.0 = Release|ARM
		{F0145942-025F-4EE9-B8C0-D44668805560}.Ad-Hoc|ARM.Deploy.0 = Release|ARM
		{F0145942-025F-4EE9-B8C0-D44668805560}.Ad-Hoc|iPhone.ActiveCfg = Release|x86
		{F0145942-025F-4EE9-B8C0-D44668805560}.Ad-Hoc|iPhone.Build.0 = Release|x86
		{F0145942-025F-4EE9-B8C0-D44668805560}.Ad-Hoc|iPhone.Deploy.0 = Release|x86
		{F0145942-025F-4EE9-B8C0-D44668805560}.Ad-Hoc|iPhoneSimulator.ActiveCfg = Release|x86
		{F0145942-025F-4EE9-B8C0-D44668805560}.Ad-Hoc|iPhoneSimulator.Build.0 = Release|x86
		{F0145942-025F-4EE9-B8C0-D44668805560}.Ad-Hoc|iPhoneSimulator.Deploy.0 = Release|x86
		{F0145942-025F-4EE9-B8C0-D44668805560}.Ad-Hoc|x64.ActiveCfg = Release|x64
		{F0145942-025F-4EE9-B8C0-D44668805560}.Ad-Hoc|x64.Build.0 = Release|x64
		{F0145942-025F-4EE9-B8C0-D44668805560}.Ad-Hoc|x64.Deploy.0 = Release|x64
		{F0145942-025F-4EE9-B8C0-D44668805560}.Ad-Hoc|x86.ActiveCfg = Release|x86
		{F0145942-025F-4EE9-B8C0-D44668805560}.Ad-Hoc|x86.Build.0 = Release|x86
		{F0145942-025F-4EE9-B8C0-D44668805560}.Ad-Hoc|x86.Deploy.0 = Release|x86
		{F0145942-025F-4EE9-B8C0-D44668805560}.AppStore|Any CPU.ActiveCfg = Release|x86
		{F0145942-025F-4EE9-B8C0-D44668805560}.AppStore|Any CPU.Build.0 = Release|x86
		{F0145942-025F-4EE9-B8C0-D44668805560}.AppStore|Any CPU.Deploy.0 = Release|x86
		{F0145942-025F-4EE9-B8C0-D44668805560}.AppStore|ARM.ActiveCfg = Release|ARM
		{F0145942-025F-4EE9-B8C0-D44668805560}.AppStore|ARM.Build.0 = Release|ARM
		{F0145942-025F-4EE9-B8C0-D44668805560}.AppStore|ARM.Deploy.0 = Release|ARM
		{F0145942-025F-4EE9-B8C0-D44668805560}.AppStore|iPhone.ActiveCfg = Release|x86
		{F0145942-025F-4EE9-B8C0-D44668805560}.AppStore|iPhone.Build.0 = Release|x86
		{F0145942-025F-4EE9-B8C0-D44668805560}.AppStore|iPhone.Deploy.0 = Release|x86
		{F0145942-025F-4EE9-B8C0-D44668805560}.AppStore|iPhoneSimulator.ActiveCfg = Release|x86
		{F0145942-025F-4EE9-B8C0-D44668805560}.AppStore|iPhoneSimulator.Build.0 = Release|x86
		{F0145942-025F-4EE9-B8C0-D44668805560}.AppStore|iPhoneSimulator.Deploy.0 = Release|x86
		{F0145942-025F-4EE9-B8C0-D44668805560}.AppStore|x64.ActiveCfg = Release|x64
		{F0145942-025F-4EE9-B8C0-D44668805560}.AppStore|x64.Build.0 = Release|x64
		{F0145942-025F-4EE9-B8C0-D44668805560}.AppStore|x64.Deploy.0 = Release|x64
		{F0145942-025F-4EE9-B8C0-D44668805560}.AppStore|x86.ActiveCfg = Release|x86
		{F0145942-025F-4EE9-B8C0-D44668805560}.AppStore|x86.Build.0 = Release|x86
		{F0145942-025F-4EE9-B8C0-D44668805560}.AppStore|x86.Deploy.0 = Release|x86
		{F0145942-025F-4EE9-B8C0-D44668805560}.Debug|Any CPU.ActiveCfg = Debug|x86
		{F0145942-025F-4EE9-B8C0-D44668805560}.Debug|ARM.ActiveCfg = Debug|ARM
		{F0145942-025F-4EE9-B8C0-D44668805560}.Debug|ARM.Build.0 = Debug|ARM
		{F0145942-025F-4EE9-B8C0-D44668805560}.Debug|ARM.Deploy.0 = Debug|ARM
		{F0145942-025F-4EE9-B8C0-D44668805560}.Debug|iPhone.ActiveCfg = Debug|x86
		{F0145942-025F-4EE9-B8C0-D44668805560}.Debug|iPhoneSimulator.ActiveCfg = Debug|x86
		{F0145942-025F-4EE9-B8C0-D44668805560}.Debug|x64.ActiveCfg = Debug|x64
		{F0145942-025F-4EE9-B8C0-D44668805560}.Debug|x64.Build.0 = Debug|x64
		{F0145942-025F-4EE9-B8C0-D44668805560}.Debug|x64.Deploy.0 = Debug|x64
		{F0145942-025F-4EE9-B8C0-D44668805560}.Debug|x86.ActiveCfg = Debug|x86
		{F0145942-025F-4EE9-B8C0-D44668805560}.Debug|x86.Build.0 = Debug|x86
		{F0145942-025F-4EE9-B8C0-D44668805560}.Debug|x86.Deploy.0 = Debug|x86
		{F0145942-025F-4EE9-B8C0-D44668805560}.Release|Any CPU.ActiveCfg = Release|x86
		{F0145942-025F-4EE9-B8C0-D44668805560}.Release|ARM.ActiveCfg = Release|ARM
		{F0145942-025F-4EE9-B8C0-D44668805560}.Release|ARM.Build.0 = Release|ARM
		{F0145942-025F-4EE9-B8C0-D44668805560}.Release|ARM.Deploy.0 = Release|ARM
		{F0145942-025F-4EE9-B8C0-D44668805560}.Release|iPhone.ActiveCfg = Release|x86
		{F0145942-025F-4EE9-B8C0-D44668805560}.Release|iPhoneSimulator.ActiveCfg = Release|x86
		{F0145942-025F-4EE9-B8C0-D44668805560}.Release|x64.ActiveCfg = Release|x64
		{F0145942-025F-4EE9-B8C0-D44668805560}.Release|x64.Build.0 = Release|x64
		{F0145942-025F-4EE9-B8C0-D44668805560}.Release|x64.Deploy.0 = Release|x64
		{F0145942-025F-4EE9-B8C0-D44668805560}.Release|x86.ActiveCfg = Release|x86
		{F0145942-025F-4EE9-B8C0-D44668805560}.Release|x86.Build.0 = Release|x86
		{F0145942-025F-4EE9-B8C0-D44668805560}.Release|x86.Deploy.0 = Release|x86
		{777541E1-B98F-4E1F-870B-65EA91DF4D31}.Ad-Hoc|Any CPU.ActiveCfg = Ad-Hoc|iPhoneSimulator
		{777541E1-B98F-4E1F-870B-65EA91DF4D31}.Ad-Hoc|ARM.ActiveCfg = Ad-Hoc|iPhone
		{777541E1-B98F-4E1F-870B-65EA91DF4D31}.Ad-Hoc|iPhone.ActiveCfg = Ad-Hoc|iPhone
		{777541E1-B98F-4E1F-870B-65EA91DF4D31}.Ad-Hoc|iPhone.Build.0 = Ad-Hoc|iPhone
		{777541E1-B98F-4E1F-870B-65EA91DF4D31}.Ad-Hoc|iPhoneSimulator.ActiveCfg = Ad-Hoc|iPhoneSimulator
		{777541E1-B98F-4E1F-870B-65EA91DF4D31}.Ad-Hoc|iPhoneSimulator.Build.0 = Ad-Hoc|iPhoneSimulator
		{777541E1-B98F-4E1F-870B-65EA91DF4D31}.Ad-Hoc|x64.ActiveCfg = Ad-Hoc|iPhone
		{777541E1-B98F-4E1F-870B-65EA91DF4D31}.Ad-Hoc|x86.ActiveCfg = Ad-Hoc|iPhone
		{777541E1-B98F-4E1F-870B-65EA91DF4D31}.AppStore|Any CPU.ActiveCfg = AppStore|iPhoneSimulator
		{777541E1-B98F-4E1F-870B-65EA91DF4D31}.AppStore|ARM.ActiveCfg = AppStore|iPhone
		{777541E1-B98F-4E1F-870B-65EA91DF4D31}.AppStore|iPhone.ActiveCfg = AppStore|iPhone
		{777541E1-B98F-4E1F-870B-65EA91DF4D31}.AppStore|iPhone.Build.0 = AppStore|iPhone
		{777541E1-B98F-4E1F-870B-65EA91DF4D31}.AppStore|iPhoneSimulator.ActiveCfg = AppStore|iPhoneSimulator
		{777541E1-B98F-4E1F-870B-65EA91DF4D31}.AppStore|iPhoneSimulator.Build.0 = AppStore|iPhoneSimulator
		{777541E1-B98F-4E1F-870B-65EA91DF4D31}.AppStore|x64.ActiveCfg = AppStore|iPhone
		{777541E1-B98F-4E1F-870B-65EA91DF4D31}.AppStore|x86.ActiveCfg = AppStore|iPhone
		{777541E1-B98F-4E1F-870B-65EA91DF4D31}.Debug|Any CPU.ActiveCfg = Debug|iPhoneSimulator
		{777541E1-B98F-4E1F-870B-65EA91DF4D31}.Debug|ARM.ActiveCfg = Debug|iPhone
		{777541E1-B98F-4E1F-870B-65EA91DF4D31}.Debug|iPhone.ActiveCfg = Debug|iPhone
		{777541E1-B98F-4E1F-870B-65EA91DF4D31}.Debug|iPhone.Build.0 = Debug|iPhone
		{777541E1-B98F-4E1F-870B-65EA91DF4D31}.Debug|iPhoneSimulator.ActiveCfg = Debug|iPhoneSimulator
		{777541E1-B98F-4E1F-870B-65EA91DF4D31}.Debug|iPhoneSimulator.Build.0 = Debug|iPhoneSimulator
		{777541E1-B98F-4E1F-870B-65EA91DF4D31}.Debug|x64.ActiveCfg = Debug|iPhone
		{777541E1-B98F-4E1F-870B-65EA91DF4D31}.Debug|x86.ActiveCfg = Debug|iPhone
		{777541E1-B98F-4E1F-870B-65EA91DF4D31}.Release|Any CPU.ActiveCfg = Release|iPhoneSimulator
		{777541E1-B98F-4E1F-870B-65EA91DF4D31}.Release|ARM.ActiveCfg = Release|iPhone
		{777541E1-B98F-4E1F-870B-65EA91DF4D31}.Release|iPhone.ActiveCfg = Release|iPhone
		{777541E1-B98F-4E1F-870B-65EA91DF4D31}.Release|iPhone.Build.0 = Release|iPhone
		{777541E1-B98F-4E1F-870B-65EA91DF4D31}.Release|iPhoneSimulator.ActiveCfg = Release|iPhoneSimulator
		{777541E1-B98F-4E1F-870B-65EA91DF4D31}.Release|iPhoneSimulator.Build.0 = Release|iPhoneSimulator
		{777541E1-B98F-4E1F-870B-65EA91DF4D31}.Release|x64.ActiveCfg = Release|iPhone
		{777541E1-B98F-4E1F-870B-65EA91DF4D31}.Release|x86.ActiveCfg = Release|iPhone
	EndGlobalSection
	GlobalSection(SolutionProperties) = preSolution
		HideSolutionNode = FALSE
	EndGlobalSection
	GlobalSection(ExtensibilityGlobals) = postSolution
		SolutionGuid = {E84280D3-4B70-43CA-8CAF-6254E2B5D76F}
	EndGlobalSection
EndGlobal
